// !$*UTF8*$!
{
	archiveVersion = 1;
	classes = {
	};
	objectVersion = 55;
	objects = {

/* Begin PBXBuildFile section */
		BAE339800646DC2C862E0336 /* Pods_RecipleaseTests.framework in Frameworks */ = {isa = PBXBuildFile; fileRef = AEB0B039389E261268A60E85 /* Pods_RecipleaseTests.framework */; };
		D1033C7C2753FA2A00ACB03A /* CoreDataManagerTest.swift in Sources */ = {isa = PBXBuildFile; fileRef = D1033C7B2753FA2A00ACB03A /* CoreDataManagerTest.swift */; };
		D1033C7E2753FA9300ACB03A /* FakeCoreDataStack.swift in Sources */ = {isa = PBXBuildFile; fileRef = D1033C7D2753FA9300ACB03A /* FakeCoreDataStack.swift */; };
		D1033C80275412E300ACB03A /* RecipeDataManagerTest.swift in Sources */ = {isa = PBXBuildFile; fileRef = D1033C7F275412E300ACB03A /* RecipeDataManagerTest.swift */; };
		D141B886273131A6003DF8F2 /* AppDelegate.swift in Sources */ = {isa = PBXBuildFile; fileRef = D141B885273131A6003DF8F2 /* AppDelegate.swift */; };
		D141B888273131A6003DF8F2 /* SceneDelegate.swift in Sources */ = {isa = PBXBuildFile; fileRef = D141B887273131A6003DF8F2 /* SceneDelegate.swift */; };
		D141B88D273131A6003DF8F2 /* Main.storyboard in Resources */ = {isa = PBXBuildFile; fileRef = D141B88B273131A6003DF8F2 /* Main.storyboard */; };
		D141B88F273131A8003DF8F2 /* Assets.xcassets in Resources */ = {isa = PBXBuildFile; fileRef = D141B88E273131A8003DF8F2 /* Assets.xcassets */; };
		D141B892273131A8003DF8F2 /* LaunchScreen.storyboard in Resources */ = {isa = PBXBuildFile; fileRef = D141B890273131A8003DF8F2 /* LaunchScreen.storyboard */; };
		D1491E1127426E2600B512DD /* RecipeDataManager.swift in Sources */ = {isa = PBXBuildFile; fileRef = D1491E1027426E2600B512DD /* RecipeDataManager.swift */; };
		D1491E1727426E6C00B512DD /* Recipe.swift in Sources */ = {isa = PBXBuildFile; fileRef = D1491E1627426E6C00B512DD /* Recipe.swift */; };
		D149ADFD2756777200379B32 /* Utils.swift in Sources */ = {isa = PBXBuildFile; fileRef = D149ADFC2756777200379B32 /* Utils.swift */; };
		D14D305F274FF650001B78E0 /* CoreDataStack.swift in Sources */ = {isa = PBXBuildFile; fileRef = D14D305E274FF650001B78E0 /* CoreDataStack.swift */; };
		D15086FB2754DD710019E013 /* RequestIngredients.swift in Sources */ = {isa = PBXBuildFile; fileRef = D15086FA2754DD710019E013 /* RequestIngredients.swift */; };
		D151ACCC27553A0400A45243 /* RequestIngredientsTest.swift in Sources */ = {isa = PBXBuildFile; fileRef = D151ACCB27553A0400A45243 /* RequestIngredientsTest.swift */; };
		D1522CC427357F9F008FBA3F /* RecipeDecoder.swift in Sources */ = {isa = PBXBuildFile; fileRef = D1522CC327357F9F008FBA3F /* RecipeDecoder.swift */; };
		D1554E6F2744F632000D5A26 /* Utils+ViewController.swift in Sources */ = {isa = PBXBuildFile; fileRef = D1554E6E2744F632000D5A26 /* Utils+ViewController.swift */; };
		D1554E71274507F4000D5A26 /* RecipeTableViewCell.swift in Sources */ = {isa = PBXBuildFile; fileRef = D1554E70274507F4000D5A26 /* RecipeTableViewCell.swift */; };
		D1600CC0273277E800160A8E /* IngredientsViewController.swift in Sources */ = {isa = PBXBuildFile; fileRef = D1600CBF273277E800160A8E /* IngredientsViewController.swift */; };
		D1600CC22732784600160A8E /* RecipeViewController.swift in Sources */ = {isa = PBXBuildFile; fileRef = D1600CC12732784600160A8E /* RecipeViewController.swift */; };
		D1600CC62732792C00160A8E /* ResultTableViewController.swift in Sources */ = {isa = PBXBuildFile; fileRef = D1600CC52732792C00160A8E /* ResultTableViewController.swift */; };
		D1600CC827327A5800160A8E /* RecipeView.swift in Sources */ = {isa = PBXBuildFile; fileRef = D1600CC727327A5800160A8E /* RecipeView.swift */; };
		D1600CCC27327C7500160A8E /* ApiToken.swift in Sources */ = {isa = PBXBuildFile; fileRef = D1600CCB27327C7500160A8E /* ApiToken.swift */; };
		D16632202731391500B916C7 /* NetworkManager.swift in Sources */ = {isa = PBXBuildFile; fileRef = D166321F2731391500B916C7 /* NetworkManager.swift */; };
		D177A07227352B2800D7AD28 /* Reciplease.xcdatamodeld in Sources */ = {isa = PBXBuildFile; fileRef = D177A07027352B2700D7AD28 /* Reciplease.xcdatamodeld */; };
		D18111E0274E9EE90019F741 /* RequestRecipe.swift in Sources */ = {isa = PBXBuildFile; fileRef = D18111DF274E9EE80019F741 /* RequestRecipe.swift */; };
		D19AB06E2754C1BF00119055 /* FakeRecipiesData.json in Resources */ = {isa = PBXBuildFile; fileRef = D19AB06D2754C1BF00119055 /* FakeRecipiesData.json */; };
		D19AB0702754C26700119055 /* MockedData.swift in Sources */ = {isa = PBXBuildFile; fileRef = D19AB06F2754C26700119055 /* MockedData.swift */; };
		D1DC61D2274694150055C090 /* CoreDataManager.swift in Sources */ = {isa = PBXBuildFile; fileRef = D1DC61D1274694150055C090 /* CoreDataManager.swift */; };
		D1E9D3502753D5CA00E49067 /* NetworkManagerTest.swift in Sources */ = {isa = PBXBuildFile; fileRef = D1E9D34F2753D5CA00E49067 /* NetworkManagerTest.swift */; };
		D1F0ACC32750CB0A00E1834C /* OfflineTableViewController.swift in Sources */ = {isa = PBXBuildFile; fileRef = D1F0ACC22750CB0A00E1834C /* OfflineTableViewController.swift */; };
		D1F0ACC52750CB2900E1834C /* OnlineTableViewController.swift in Sources */ = {isa = PBXBuildFile; fileRef = D1F0ACC42750CB2900E1834C /* OnlineTableViewController.swift */; };
		E53DDD196637900D661DFDEF /* Pods_Reciplease.framework in Frameworks */ = {isa = PBXBuildFile; fileRef = 5A9903B4EE53748EF2BF6916 /* Pods_Reciplease.framework */; };
/* End PBXBuildFile section */

/* Begin PBXContainerItemProxy section */
		D175C0432753CD000078B7C0 /* PBXContainerItemProxy */ = {
			isa = PBXContainerItemProxy;
			containerPortal = D141B87A273131A6003DF8F2 /* Project object */;
			proxyType = 1;
			remoteGlobalIDString = D141B881273131A6003DF8F2;
			remoteInfo = Reciplease;
		};
/* End PBXContainerItemProxy section */

/* Begin PBXFileReference section */
		43D0FDB93A69CE3CD5FC27B9 /* Pods-Reciplease.release.xcconfig */ = {isa = PBXFileReference; includeInIndex = 1; lastKnownFileType = text.xcconfig; name = "Pods-Reciplease.release.xcconfig"; path = "Target Support Files/Pods-Reciplease/Pods-Reciplease.release.xcconfig"; sourceTree = "<group>"; };
		5A9903B4EE53748EF2BF6916 /* Pods_Reciplease.framework */ = {isa = PBXFileReference; explicitFileType = wrapper.framework; includeInIndex = 0; path = Pods_Reciplease.framework; sourceTree = BUILT_PRODUCTS_DIR; };
		6A124E1EE8BDB937777BFFDA /* Pods-P10_01_Xcode.release.xcconfig */ = {isa = PBXFileReference; includeInIndex = 1; lastKnownFileType = text.xcconfig; name = "Pods-P10_01_Xcode.release.xcconfig"; path = "Target Support Files/Pods-P10_01_Xcode/Pods-P10_01_Xcode.release.xcconfig"; sourceTree = "<group>"; };
		6B50FF60440E55D5D387721F /* Pods-RecipleaseTests.debug.xcconfig */ = {isa = PBXFileReference; includeInIndex = 1; lastKnownFileType = text.xcconfig; name = "Pods-RecipleaseTests.debug.xcconfig"; path = "Target Support Files/Pods-RecipleaseTests/Pods-RecipleaseTests.debug.xcconfig"; sourceTree = "<group>"; };
		AEB0B039389E261268A60E85 /* Pods_RecipleaseTests.framework */ = {isa = PBXFileReference; explicitFileType = wrapper.framework; includeInIndex = 0; path = Pods_RecipleaseTests.framework; sourceTree = BUILT_PRODUCTS_DIR; };
		B7EF758821FCD9F9B2B85512 /* Pods-RecipleaseTests.release.xcconfig */ = {isa = PBXFileReference; includeInIndex = 1; lastKnownFileType = text.xcconfig; name = "Pods-RecipleaseTests.release.xcconfig"; path = "Target Support Files/Pods-RecipleaseTests/Pods-RecipleaseTests.release.xcconfig"; sourceTree = "<group>"; };
		BF00461C83B2D2776F230610 /* Pods-Reciplease.debug.xcconfig */ = {isa = PBXFileReference; includeInIndex = 1; lastKnownFileType = text.xcconfig; name = "Pods-Reciplease.debug.xcconfig"; path = "Target Support Files/Pods-Reciplease/Pods-Reciplease.debug.xcconfig"; sourceTree = "<group>"; };
		D1033C7B2753FA2A00ACB03A /* CoreDataManagerTest.swift */ = {isa = PBXFileReference; lastKnownFileType = sourcecode.swift; path = CoreDataManagerTest.swift; sourceTree = "<group>"; };
		D1033C7D2753FA9300ACB03A /* FakeCoreDataStack.swift */ = {isa = PBXFileReference; lastKnownFileType = sourcecode.swift; path = FakeCoreDataStack.swift; sourceTree = "<group>"; };
		D1033C7F275412E300ACB03A /* RecipeDataManagerTest.swift */ = {isa = PBXFileReference; lastKnownFileType = sourcecode.swift; path = RecipeDataManagerTest.swift; sourceTree = "<group>"; };
		D141B882273131A6003DF8F2 /* Reciplease.app */ = {isa = PBXFileReference; explicitFileType = wrapper.application; includeInIndex = 0; path = Reciplease.app; sourceTree = BUILT_PRODUCTS_DIR; };
		D141B885273131A6003DF8F2 /* AppDelegate.swift */ = {isa = PBXFileReference; lastKnownFileType = sourcecode.swift; path = AppDelegate.swift; sourceTree = "<group>"; };
		D141B887273131A6003DF8F2 /* SceneDelegate.swift */ = {isa = PBXFileReference; lastKnownFileType = sourcecode.swift; path = SceneDelegate.swift; sourceTree = "<group>"; };
		D141B88C273131A6003DF8F2 /* Base */ = {isa = PBXFileReference; lastKnownFileType = file.storyboard; name = Base; path = Base.lproj/Main.storyboard; sourceTree = "<group>"; };
		D141B88E273131A8003DF8F2 /* Assets.xcassets */ = {isa = PBXFileReference; lastKnownFileType = folder.assetcatalog; path = Assets.xcassets; sourceTree = "<group>"; };
		D141B891273131A8003DF8F2 /* Base */ = {isa = PBXFileReference; lastKnownFileType = file.storyboard; name = Base; path = Base.lproj/LaunchScreen.storyboard; sourceTree = "<group>"; };
		D141B893273131A8003DF8F2 /* Info.plist */ = {isa = PBXFileReference; lastKnownFileType = text.plist.xml; path = Info.plist; sourceTree = "<group>"; };
		D1491E1027426E2600B512DD /* RecipeDataManager.swift */ = {isa = PBXFileReference; lastKnownFileType = sourcecode.swift; path = RecipeDataManager.swift; sourceTree = "<group>"; };
		D1491E1627426E6C00B512DD /* Recipe.swift */ = {isa = PBXFileReference; lastKnownFileType = sourcecode.swift; path = Recipe.swift; sourceTree = "<group>"; };
		D149ADFC2756777200379B32 /* Utils.swift */ = {isa = PBXFileReference; lastKnownFileType = sourcecode.swift; path = Utils.swift; sourceTree = "<group>"; };
		D14D305E274FF650001B78E0 /* CoreDataStack.swift */ = {isa = PBXFileReference; lastKnownFileType = sourcecode.swift; path = CoreDataStack.swift; sourceTree = "<group>"; };
		D15086FA2754DD710019E013 /* RequestIngredients.swift */ = {isa = PBXFileReference; lastKnownFileType = sourcecode.swift; path = RequestIngredients.swift; sourceTree = "<group>"; };
		D151ACCB27553A0400A45243 /* RequestIngredientsTest.swift */ = {isa = PBXFileReference; lastKnownFileType = sourcecode.swift; path = RequestIngredientsTest.swift; sourceTree = "<group>"; };
		D1522CC327357F9F008FBA3F /* RecipeDecoder.swift */ = {isa = PBXFileReference; lastKnownFileType = sourcecode.swift; path = RecipeDecoder.swift; sourceTree = "<group>"; };
		D1554E6E2744F632000D5A26 /* Utils+ViewController.swift */ = {isa = PBXFileReference; lastKnownFileType = sourcecode.swift; path = "Utils+ViewController.swift"; sourceTree = "<group>"; };
		D1554E70274507F4000D5A26 /* RecipeTableViewCell.swift */ = {isa = PBXFileReference; lastKnownFileType = sourcecode.swift; path = RecipeTableViewCell.swift; sourceTree = "<group>"; };
		D1600CBF273277E800160A8E /* IngredientsViewController.swift */ = {isa = PBXFileReference; lastKnownFileType = sourcecode.swift; path = IngredientsViewController.swift; sourceTree = "<group>"; };
		D1600CC12732784600160A8E /* RecipeViewController.swift */ = {isa = PBXFileReference; lastKnownFileType = sourcecode.swift; path = RecipeViewController.swift; sourceTree = "<group>"; };
		D1600CC52732792C00160A8E /* ResultTableViewController.swift */ = {isa = PBXFileReference; lastKnownFileType = sourcecode.swift; path = ResultTableViewController.swift; sourceTree = "<group>"; };
		D1600CC727327A5800160A8E /* RecipeView.swift */ = {isa = PBXFileReference; lastKnownFileType = sourcecode.swift; path = RecipeView.swift; sourceTree = "<group>"; };
		D1600CCB27327C7500160A8E /* ApiToken.swift */ = {isa = PBXFileReference; lastKnownFileType = sourcecode.swift; path = ApiToken.swift; sourceTree = "<group>"; };
		D166321F2731391500B916C7 /* NetworkManager.swift */ = {isa = PBXFileReference; lastKnownFileType = sourcecode.swift; path = NetworkManager.swift; sourceTree = "<group>"; };
		D175C03F2753CD000078B7C0 /* RecipleaseTests.xctest */ = {isa = PBXFileReference; explicitFileType = wrapper.cfbundle; includeInIndex = 0; path = RecipleaseTests.xctest; sourceTree = BUILT_PRODUCTS_DIR; };
		D177A07127352B2800D7AD28 /* Reciplease.xcdatamodel */ = {isa = PBXFileReference; lastKnownFileType = wrapper.xcdatamodel; path = Reciplease.xcdatamodel; sourceTree = "<group>"; };
		D18111DF274E9EE80019F741 /* RequestRecipe.swift */ = {isa = PBXFileReference; lastKnownFileType = sourcecode.swift; path = RequestRecipe.swift; sourceTree = "<group>"; };
		D19AB06D2754C1BF00119055 /* FakeRecipiesData.json */ = {isa = PBXFileReference; lastKnownFileType = text.json; path = FakeRecipiesData.json; sourceTree = "<group>"; };
		D19AB06F2754C26700119055 /* MockedData.swift */ = {isa = PBXFileReference; lastKnownFileType = sourcecode.swift; path = MockedData.swift; sourceTree = "<group>"; };
		D1DC61D1274694150055C090 /* CoreDataManager.swift */ = {isa = PBXFileReference; lastKnownFileType = sourcecode.swift; path = CoreDataManager.swift; sourceTree = "<group>"; };
		D1E9D34F2753D5CA00E49067 /* NetworkManagerTest.swift */ = {isa = PBXFileReference; lastKnownFileType = sourcecode.swift; path = NetworkManagerTest.swift; sourceTree = "<group>"; };
		D1F0ACC22750CB0A00E1834C /* OfflineTableViewController.swift */ = {isa = PBXFileReference; lastKnownFileType = sourcecode.swift; path = OfflineTableViewController.swift; sourceTree = "<group>"; };
		D1F0ACC42750CB2900E1834C /* OnlineTableViewController.swift */ = {isa = PBXFileReference; lastKnownFileType = sourcecode.swift; path = OnlineTableViewController.swift; sourceTree = "<group>"; };
		D4787B795112D2C34538706D /* Pods-P10_01_Xcode.debug.xcconfig */ = {isa = PBXFileReference; includeInIndex = 1; lastKnownFileType = text.xcconfig; name = "Pods-P10_01_Xcode.debug.xcconfig"; path = "Target Support Files/Pods-P10_01_Xcode/Pods-P10_01_Xcode.debug.xcconfig"; sourceTree = "<group>"; };
/* End PBXFileReference section */

/* Begin PBXFrameworksBuildPhase section */
		D141B87F273131A6003DF8F2 /* Frameworks */ = {
			isa = PBXFrameworksBuildPhase;
			buildActionMask = 2147483647;
			files = (
				E53DDD196637900D661DFDEF /* Pods_Reciplease.framework in Frameworks */,
			);
			runOnlyForDeploymentPostprocessing = 0;
		};
		D175C03C2753CD000078B7C0 /* Frameworks */ = {
			isa = PBXFrameworksBuildPhase;
			buildActionMask = 2147483647;
			files = (
				BAE339800646DC2C862E0336 /* Pods_RecipleaseTests.framework in Frameworks */,
			);
			runOnlyForDeploymentPostprocessing = 0;
		};
/* End PBXFrameworksBuildPhase section */

/* Begin PBXGroup section */
		1A3FE799FCFF11666E20ED6A /* Frameworks */ = {
			isa = PBXGroup;
			children = (
				5A9903B4EE53748EF2BF6916 /* Pods_Reciplease.framework */,
				AEB0B039389E261268A60E85 /* Pods_RecipleaseTests.framework */,
			);
			name = Frameworks;
			sourceTree = "<group>";
		};
		4914DC5870BC5CBB456EFCC8 /* Pods */ = {
			isa = PBXGroup;
			children = (
				D4787B795112D2C34538706D /* Pods-P10_01_Xcode.debug.xcconfig */,
				6A124E1EE8BDB937777BFFDA /* Pods-P10_01_Xcode.release.xcconfig */,
				BF00461C83B2D2776F230610 /* Pods-Reciplease.debug.xcconfig */,
				43D0FDB93A69CE3CD5FC27B9 /* Pods-Reciplease.release.xcconfig */,
				6B50FF60440E55D5D387721F /* Pods-RecipleaseTests.debug.xcconfig */,
				B7EF758821FCD9F9B2B85512 /* Pods-RecipleaseTests.release.xcconfig */,
			);
			path = Pods;
			sourceTree = "<group>";
		};
		D141B879273131A6003DF8F2 = {
			isa = PBXGroup;
			children = (
				D141B884273131A6003DF8F2 /* P10_01_Xcode */,
				D175C0402753CD000078B7C0 /* RecipleaseTests */,
				D141B883273131A6003DF8F2 /* Products */,
				4914DC5870BC5CBB456EFCC8 /* Pods */,
				1A3FE799FCFF11666E20ED6A /* Frameworks */,
			);
			sourceTree = "<group>";
		};
		D141B883273131A6003DF8F2 /* Products */ = {
			isa = PBXGroup;
			children = (
				D141B882273131A6003DF8F2 /* Reciplease.app */,
				D175C03F2753CD000078B7C0 /* RecipleaseTests.xctest */,
			);
			name = Products;
			sourceTree = "<group>";
		};
		D141B884273131A6003DF8F2 /* P10_01_Xcode */ = {
			isa = PBXGroup;
			children = (
				D141B893273131A8003DF8F2 /* Info.plist */,
				D166321C2731368900B916C7 /* Supporting Files */,
				D166321B2731367F00B916C7 /* Controler */,
				D166321A2731367A00B916C7 /* View */,
				D16632192731367500B916C7 /* Model */,
			);
			path = P10_01_Xcode;
			sourceTree = "<group>";
		};
		D1491E18274271C200B512DD /* Network */ = {
			isa = PBXGroup;
			children = (
				D1600CCB27327C7500160A8E /* ApiToken.swift */,
				D1522CC327357F9F008FBA3F /* RecipeDecoder.swift */,
				D166321F2731391500B916C7 /* NetworkManager.swift */,
			);
			path = Network;
			sourceTree = "<group>";
		};
		D1491E19274271D900B512DD /* Recipe */ = {
			isa = PBXGroup;
			children = (
				D1491E1027426E2600B512DD /* RecipeDataManager.swift */,
				D15086FA2754DD710019E013 /* RequestIngredients.swift */,
				D18111DF274E9EE80019F741 /* RequestRecipe.swift */,
				D1491E1627426E6C00B512DD /* Recipe.swift */,
			);
			path = Recipe;
			sourceTree = "<group>";
		};
		D15086FC2754DE070019E013 /* Fake Ressources */ = {
			isa = PBXGroup;
			children = (
				D19AB06D2754C1BF00119055 /* FakeRecipiesData.json */,
				D1033C7D2753FA9300ACB03A /* FakeCoreDataStack.swift */,
				D19AB06F2754C26700119055 /* MockedData.swift */,
			);
			path = "Fake Ressources";
			sourceTree = "<group>";
		};
		D16632192731367500B916C7 /* Model */ = {
			isa = PBXGroup;
			children = (
				D1DC61CE274690670055C090 /* Core Data */,
				D1491E18274271C200B512DD /* Network */,
				D1491E19274271D900B512DD /* Recipe */,
				D149ADFC2756777200379B32 /* Utils.swift */,
			);
			path = Model;
			sourceTree = "<group>";
		};
		D166321A2731367A00B916C7 /* View */ = {
			isa = PBXGroup;
			children = (
				D141B890273131A8003DF8F2 /* LaunchScreen.storyboard */,
				D141B88B273131A6003DF8F2 /* Main.storyboard */,
				D1554E70274507F4000D5A26 /* RecipeTableViewCell.swift */,
				D1600CC727327A5800160A8E /* RecipeView.swift */,
			);
			path = View;
			sourceTree = "<group>";
		};
		D166321B2731367F00B916C7 /* Controler */ = {
			isa = PBXGroup;
			children = (
				D1F0ACC12750CAD000E1834C /* TableView Controller */,
				D1600CBF273277E800160A8E /* IngredientsViewController.swift */,
				D1600CC12732784600160A8E /* RecipeViewController.swift */,
				D1554E6E2744F632000D5A26 /* Utils+ViewController.swift */,
			);
			path = Controler;
			sourceTree = "<group>";
		};
		D166321C2731368900B916C7 /* Supporting Files */ = {
			isa = PBXGroup;
			children = (
				D141B885273131A6003DF8F2 /* AppDelegate.swift */,
				D141B887273131A6003DF8F2 /* SceneDelegate.swift */,
				D141B88E273131A8003DF8F2 /* Assets.xcassets */,
			);
			path = "Supporting Files";
			sourceTree = "<group>";
		};
		D175C0402753CD000078B7C0 /* RecipleaseTests */ = {
			isa = PBXGroup;
			children = (
				D15086FC2754DE070019E013 /* Fake Ressources */,
				D1E9D34F2753D5CA00E49067 /* NetworkManagerTest.swift */,
				D1033C7F275412E300ACB03A /* RecipeDataManagerTest.swift */,
				D1033C7B2753FA2A00ACB03A /* CoreDataManagerTest.swift */,
				D151ACCB27553A0400A45243 /* RequestIngredientsTest.swift */,
			);
			path = RecipleaseTests;
			sourceTree = "<group>";
		};
		D1DC61CE274690670055C090 /* Core Data */ = {
			isa = PBXGroup;
			children = (
				D177A07027352B2700D7AD28 /* Reciplease.xcdatamodeld */,
				D1DC61D1274694150055C090 /* CoreDataManager.swift */,
				D14D305E274FF650001B78E0 /* CoreDataStack.swift */,
			);
			path = "Core Data";
			sourceTree = "<group>";
		};
		D1F0ACC12750CAD000E1834C /* TableView Controller */ = {
			isa = PBXGroup;
			children = (
				D1600CC52732792C00160A8E /* ResultTableViewController.swift */,
				D1F0ACC22750CB0A00E1834C /* OfflineTableViewController.swift */,
				D1F0ACC42750CB2900E1834C /* OnlineTableViewController.swift */,
			);
			path = "TableView Controller";
			sourceTree = "<group>";
		};
/* End PBXGroup section */

/* Begin PBXNativeTarget section */
		D141B881273131A6003DF8F2 /* Reciplease */ = {
			isa = PBXNativeTarget;
			buildConfigurationList = D141B896273131A8003DF8F2 /* Build configuration list for PBXNativeTarget "Reciplease" */;
			buildPhases = (
				D5B77DB84CFD879551824AFB /* [CP] Check Pods Manifest.lock */,
				D141B87E273131A6003DF8F2 /* Sources */,
				D141B87F273131A6003DF8F2 /* Frameworks */,
				D141B880273131A6003DF8F2 /* Resources */,
				6AB10B244C700ED58391E9D1 /* [CP] Embed Pods Frameworks */,
			);
			buildRules = (
			);
			dependencies = (
			);
			name = Reciplease;
			productName = P10_01_Xcode;
			productReference = D141B882273131A6003DF8F2 /* Reciplease.app */;
			productType = "com.apple.product-type.application";
		};
		D175C03E2753CD000078B7C0 /* RecipleaseTests */ = {
			isa = PBXNativeTarget;
			buildConfigurationList = D175C0472753CD000078B7C0 /* Build configuration list for PBXNativeTarget "RecipleaseTests" */;
			buildPhases = (
				D9C4E52C3771697C9901701E /* [CP] Check Pods Manifest.lock */,
				D175C03B2753CD000078B7C0 /* Sources */,
				D175C03C2753CD000078B7C0 /* Frameworks */,
				D175C03D2753CD000078B7C0 /* Resources */,
				D596073739EBF89A695CAE29 /* [CP] Embed Pods Frameworks */,
			);
			buildRules = (
			);
			dependencies = (
				D175C0442753CD000078B7C0 /* PBXTargetDependency */,
			);
			name = RecipleaseTests;
			productName = RecipleaseTests;
			productReference = D175C03F2753CD000078B7C0 /* RecipleaseTests.xctest */;
			productType = "com.apple.product-type.bundle.unit-test";
		};
/* End PBXNativeTarget section */

/* Begin PBXProject section */
		D141B87A273131A6003DF8F2 /* Project object */ = {
			isa = PBXProject;
			attributes = {
				BuildIndependentTargetsInParallel = 1;
				LastSwiftUpdateCheck = 1310;
				LastUpgradeCheck = 1310;
				TargetAttributes = {
					D141B881273131A6003DF8F2 = {
						CreatedOnToolsVersion = 13.1;
					};
					D175C03E2753CD000078B7C0 = {
						CreatedOnToolsVersion = 13.1;
						TestTargetID = D141B881273131A6003DF8F2;
					};
				};
			};
			buildConfigurationList = D141B87D273131A6003DF8F2 /* Build configuration list for PBXProject "Reciplease" */;
			compatibilityVersion = "Xcode 13.0";
			developmentRegion = en;
			hasScannedForEncodings = 0;
			knownRegions = (
				en,
				Base,
			);
			mainGroup = D141B879273131A6003DF8F2;
			productRefGroup = D141B883273131A6003DF8F2 /* Products */;
			projectDirPath = "";
			projectRoot = "";
			targets = (
				D141B881273131A6003DF8F2 /* Reciplease */,
				D175C03E2753CD000078B7C0 /* RecipleaseTests */,
			);
		};
/* End PBXProject section */

/* Begin PBXResourcesBuildPhase section */
		D141B880273131A6003DF8F2 /* Resources */ = {
			isa = PBXResourcesBuildPhase;
			buildActionMask = 2147483647;
			files = (
				D141B892273131A8003DF8F2 /* LaunchScreen.storyboard in Resources */,
				D141B88F273131A8003DF8F2 /* Assets.xcassets in Resources */,
				D141B88D273131A6003DF8F2 /* Main.storyboard in Resources */,
			);
			runOnlyForDeploymentPostprocessing = 0;
		};
		D175C03D2753CD000078B7C0 /* Resources */ = {
			isa = PBXResourcesBuildPhase;
			buildActionMask = 2147483647;
			files = (
				D19AB06E2754C1BF00119055 /* FakeRecipiesData.json in Resources */,
			);
			runOnlyForDeploymentPostprocessing = 0;
		};
/* End PBXResourcesBuildPhase section */

/* Begin PBXShellScriptBuildPhase section */
		6AB10B244C700ED58391E9D1 /* [CP] Embed Pods Frameworks */ = {
			isa = PBXShellScriptBuildPhase;
			buildActionMask = 2147483647;
			files = (
			);
			inputFileListPaths = (
				"${PODS_ROOT}/Target Support Files/Pods-Reciplease/Pods-Reciplease-frameworks-${CONFIGURATION}-input-files.xcfilelist",
			);
			name = "[CP] Embed Pods Frameworks";
			outputFileListPaths = (
				"${PODS_ROOT}/Target Support Files/Pods-Reciplease/Pods-Reciplease-frameworks-${CONFIGURATION}-output-files.xcfilelist",
			);
			runOnlyForDeploymentPostprocessing = 0;
			shellPath = /bin/sh;
			shellScript = "\"${PODS_ROOT}/Target Support Files/Pods-Reciplease/Pods-Reciplease-frameworks.sh\"\n";
			showEnvVarsInLog = 0;
		};
		D596073739EBF89A695CAE29 /* [CP] Embed Pods Frameworks */ = {
			isa = PBXShellScriptBuildPhase;
			buildActionMask = 2147483647;
			files = (
			);
			inputFileListPaths = (
				"${PODS_ROOT}/Target Support Files/Pods-RecipleaseTests/Pods-RecipleaseTests-frameworks-${CONFIGURATION}-input-files.xcfilelist",
			);
			name = "[CP] Embed Pods Frameworks";
			outputFileListPaths = (
				"${PODS_ROOT}/Target Support Files/Pods-RecipleaseTests/Pods-RecipleaseTests-frameworks-${CONFIGURATION}-output-files.xcfilelist",
			);
			runOnlyForDeploymentPostprocessing = 0;
			shellPath = /bin/sh;
			shellScript = "\"${PODS_ROOT}/Target Support Files/Pods-RecipleaseTests/Pods-RecipleaseTests-frameworks.sh\"\n";
			showEnvVarsInLog = 0;
		};
		D5B77DB84CFD879551824AFB /* [CP] Check Pods Manifest.lock */ = {
			isa = PBXShellScriptBuildPhase;
			buildActionMask = 2147483647;
			files = (
			);
			inputFileListPaths = (
			);
			inputPaths = (
				"${PODS_PODFILE_DIR_PATH}/Podfile.lock",
				"${PODS_ROOT}/Manifest.lock",
			);
			name = "[CP] Check Pods Manifest.lock";
			outputFileListPaths = (
			);
			outputPaths = (
				"$(DERIVED_FILE_DIR)/Pods-Reciplease-checkManifestLockResult.txt",
			);
			runOnlyForDeploymentPostprocessing = 0;
			shellPath = /bin/sh;
			shellScript = "diff \"${PODS_PODFILE_DIR_PATH}/Podfile.lock\" \"${PODS_ROOT}/Manifest.lock\" > /dev/null\nif [ $? != 0 ] ; then\n    # print error to STDERR\n    echo \"error: The sandbox is not in sync with the Podfile.lock. Run 'pod install' or update your CocoaPods installation.\" >&2\n    exit 1\nfi\n# This output is used by Xcode 'outputs' to avoid re-running this script phase.\necho \"SUCCESS\" > \"${SCRIPT_OUTPUT_FILE_0}\"\n";
			showEnvVarsInLog = 0;
		};
		D9C4E52C3771697C9901701E /* [CP] Check Pods Manifest.lock */ = {
			isa = PBXShellScriptBuildPhase;
			buildActionMask = 2147483647;
			files = (
			);
			inputFileListPaths = (
			);
			inputPaths = (
				"${PODS_PODFILE_DIR_PATH}/Podfile.lock",
				"${PODS_ROOT}/Manifest.lock",
			);
			name = "[CP] Check Pods Manifest.lock";
			outputFileListPaths = (
			);
			outputPaths = (
				"$(DERIVED_FILE_DIR)/Pods-RecipleaseTests-checkManifestLockResult.txt",
			);
			runOnlyForDeploymentPostprocessing = 0;
			shellPath = /bin/sh;
			shellScript = "diff \"${PODS_PODFILE_DIR_PATH}/Podfile.lock\" \"${PODS_ROOT}/Manifest.lock\" > /dev/null\nif [ $? != 0 ] ; then\n    # print error to STDERR\n    echo \"error: The sandbox is not in sync with the Podfile.lock. Run 'pod install' or update your CocoaPods installation.\" >&2\n    exit 1\nfi\n# This output is used by Xcode 'outputs' to avoid re-running this script phase.\necho \"SUCCESS\" > \"${SCRIPT_OUTPUT_FILE_0}\"\n";
			showEnvVarsInLog = 0;
		};
/* End PBXShellScriptBuildPhase section */

/* Begin PBXSourcesBuildPhase section */
		D141B87E273131A6003DF8F2 /* Sources */ = {
			isa = PBXSourcesBuildPhase;
			buildActionMask = 2147483647;
			files = (
				D177A07227352B2800D7AD28 /* Reciplease.xcdatamodeld in Sources */,
				D1600CC827327A5800160A8E /* RecipeView.swift in Sources */,
				D1600CC62732792C00160A8E /* ResultTableViewController.swift in Sources */,
				D141B886273131A6003DF8F2 /* AppDelegate.swift in Sources */,
				D1DC61D2274694150055C090 /* CoreDataManager.swift in Sources */,
				D1600CC22732784600160A8E /* RecipeViewController.swift in Sources */,
				D1600CCC27327C7500160A8E /* ApiToken.swift in Sources */,
				D149ADFD2756777200379B32 /* Utils.swift in Sources */,
				D1600CC0273277E800160A8E /* IngredientsViewController.swift in Sources */,
				D1F0ACC52750CB2900E1834C /* OnlineTableViewController.swift in Sources */,
				D141B888273131A6003DF8F2 /* SceneDelegate.swift in Sources */,
				D15086FB2754DD710019E013 /* RequestIngredients.swift in Sources */,
				D16632202731391500B916C7 /* NetworkManager.swift in Sources */,
				D1F0ACC32750CB0A00E1834C /* OfflineTableViewController.swift in Sources */,
				D1554E6F2744F632000D5A26 /* Utils+ViewController.swift in Sources */,
				D1522CC427357F9F008FBA3F /* RecipeDecoder.swift in Sources */,
				D14D305F274FF650001B78E0 /* CoreDataStack.swift in Sources */,
				D1491E1127426E2600B512DD /* RecipeDataManager.swift in Sources */,
				D1491E1727426E6C00B512DD /* Recipe.swift in Sources */,
				D18111E0274E9EE90019F741 /* RequestRecipe.swift in Sources */,
				D1554E71274507F4000D5A26 /* RecipeTableViewCell.swift in Sources */,
			);
			runOnlyForDeploymentPostprocessing = 0;
		};
		D175C03B2753CD000078B7C0 /* Sources */ = {
			isa = PBXSourcesBuildPhase;
			buildActionMask = 2147483647;
			files = (
				D19AB0702754C26700119055 /* MockedData.swift in Sources */,
				D1033C7C2753FA2A00ACB03A /* CoreDataManagerTest.swift in Sources */,
				D1033C7E2753FA9300ACB03A /* FakeCoreDataStack.swift in Sources */,
				D1E9D3502753D5CA00E49067 /* NetworkManagerTest.swift in Sources */,
				D151ACCC27553A0400A45243 /* RequestIngredientsTest.swift in Sources */,
				D1033C80275412E300ACB03A /* RecipeDataManagerTest.swift in Sources */,
			);
			runOnlyForDeploymentPostprocessing = 0;
		};
/* End PBXSourcesBuildPhase section */

/* Begin PBXTargetDependency section */
		D175C0442753CD000078B7C0 /* PBXTargetDependency */ = {
			isa = PBXTargetDependency;
			target = D141B881273131A6003DF8F2 /* Reciplease */;
			targetProxy = D175C0432753CD000078B7C0 /* PBXContainerItemProxy */;
		};
/* End PBXTargetDependency section */

/* Begin PBXVariantGroup section */
		D141B88B273131A6003DF8F2 /* Main.storyboard */ = {
			isa = PBXVariantGroup;
			children = (
				D141B88C273131A6003DF8F2 /* Base */,
			);
			name = Main.storyboard;
			sourceTree = "<group>";
		};
		D141B890273131A8003DF8F2 /* LaunchScreen.storyboard */ = {
			isa = PBXVariantGroup;
			children = (
				D141B891273131A8003DF8F2 /* Base */,
			);
			name = LaunchScreen.storyboard;
			sourceTree = "<group>";
		};
/* End PBXVariantGroup section */

/* Begin XCBuildConfiguration section */
		D141B894273131A8003DF8F2 /* Debug */ = {
			isa = XCBuildConfiguration;
			buildSettings = {
				ALWAYS_SEARCH_USER_PATHS = NO;
				CLANG_ANALYZER_NONNULL = YES;
				CLANG_ANALYZER_NUMBER_OBJECT_CONVERSION = YES_AGGRESSIVE;
				CLANG_CXX_LANGUAGE_STANDARD = "gnu++17";
				CLANG_CXX_LIBRARY = "libc++";
				CLANG_ENABLE_MODULES = YES;
				CLANG_ENABLE_OBJC_ARC = YES;
				CLANG_ENABLE_OBJC_WEAK = YES;
				CLANG_WARN_BLOCK_CAPTURE_AUTORELEASING = YES;
				CLANG_WARN_BOOL_CONVERSION = YES;
				CLANG_WARN_COMMA = YES;
				CLANG_WARN_CONSTANT_CONVERSION = YES;
				CLANG_WARN_DEPRECATED_OBJC_IMPLEMENTATIONS = YES;
				CLANG_WARN_DIRECT_OBJC_ISA_USAGE = YES_ERROR;
				CLANG_WARN_DOCUMENTATION_COMMENTS = YES;
				CLANG_WARN_EMPTY_BODY = YES;
				CLANG_WARN_ENUM_CONVERSION = YES;
				CLANG_WARN_INFINITE_RECURSION = YES;
				CLANG_WARN_INT_CONVERSION = YES;
				CLANG_WARN_NON_LITERAL_NULL_CONVERSION = YES;
				CLANG_WARN_OBJC_IMPLICIT_RETAIN_SELF = YES;
				CLANG_WARN_OBJC_LITERAL_CONVERSION = YES;
				CLANG_WARN_OBJC_ROOT_CLASS = YES_ERROR;
				CLANG_WARN_QUOTED_INCLUDE_IN_FRAMEWORK_HEADER = YES;
				CLANG_WARN_RANGE_LOOP_ANALYSIS = YES;
				CLANG_WARN_STRICT_PROTOTYPES = YES;
				CLANG_WARN_SUSPICIOUS_MOVE = YES;
				CLANG_WARN_UNGUARDED_AVAILABILITY = YES_AGGRESSIVE;
				CLANG_WARN_UNREACHABLE_CODE = YES;
				CLANG_WARN__DUPLICATE_METHOD_MATCH = YES;
				COPY_PHASE_STRIP = NO;
				DEBUG_INFORMATION_FORMAT = dwarf;
				ENABLE_STRICT_OBJC_MSGSEND = YES;
				ENABLE_TESTABILITY = YES;
				GCC_C_LANGUAGE_STANDARD = gnu11;
				GCC_DYNAMIC_NO_PIC = NO;
				GCC_NO_COMMON_BLOCKS = YES;
				GCC_OPTIMIZATION_LEVEL = 0;
				GCC_PREPROCESSOR_DEFINITIONS = (
					"DEBUG=1",
					"$(inherited)",
				);
				GCC_WARN_64_TO_32_BIT_CONVERSION = YES;
				GCC_WARN_ABOUT_RETURN_TYPE = YES_ERROR;
				GCC_WARN_UNDECLARED_SELECTOR = YES;
				GCC_WARN_UNINITIALIZED_AUTOS = YES_AGGRESSIVE;
				GCC_WARN_UNUSED_FUNCTION = YES;
				GCC_WARN_UNUSED_VARIABLE = YES;
				IPHONEOS_DEPLOYMENT_TARGET = 15.0;
				MTL_ENABLE_DEBUG_INFO = INCLUDE_SOURCE;
				MTL_FAST_MATH = YES;
				ONLY_ACTIVE_ARCH = YES;
				SDKROOT = iphoneos;
				SWIFT_ACTIVE_COMPILATION_CONDITIONS = DEBUG;
				SWIFT_OPTIMIZATION_LEVEL = "-Onone";
			};
			name = Debug;
		};
		D141B895273131A8003DF8F2 /* Release */ = {
			isa = XCBuildConfiguration;
			buildSettings = {
				ALWAYS_SEARCH_USER_PATHS = NO;
				CLANG_ANALYZER_NONNULL = YES;
				CLANG_ANALYZER_NUMBER_OBJECT_CONVERSION = YES_AGGRESSIVE;
				CLANG_CXX_LANGUAGE_STANDARD = "gnu++17";
				CLANG_CXX_LIBRARY = "libc++";
				CLANG_ENABLE_MODULES = YES;
				CLANG_ENABLE_OBJC_ARC = YES;
				CLANG_ENABLE_OBJC_WEAK = YES;
				CLANG_WARN_BLOCK_CAPTURE_AUTORELEASING = YES;
				CLANG_WARN_BOOL_CONVERSION = YES;
				CLANG_WARN_COMMA = YES;
				CLANG_WARN_CONSTANT_CONVERSION = YES;
				CLANG_WARN_DEPRECATED_OBJC_IMPLEMENTATIONS = YES;
				CLANG_WARN_DIRECT_OBJC_ISA_USAGE = YES_ERROR;
				CLANG_WARN_DOCUMENTATION_COMMENTS = YES;
				CLANG_WARN_EMPTY_BODY = YES;
				CLANG_WARN_ENUM_CONVERSION = YES;
				CLANG_WARN_INFINITE_RECURSION = YES;
				CLANG_WARN_INT_CONVERSION = YES;
				CLANG_WARN_NON_LITERAL_NULL_CONVERSION = YES;
				CLANG_WARN_OBJC_IMPLICIT_RETAIN_SELF = YES;
				CLANG_WARN_OBJC_LITERAL_CONVERSION = YES;
				CLANG_WARN_OBJC_ROOT_CLASS = YES_ERROR;
				CLANG_WARN_QUOTED_INCLUDE_IN_FRAMEWORK_HEADER = YES;
				CLANG_WARN_RANGE_LOOP_ANALYSIS = YES;
				CLANG_WARN_STRICT_PROTOTYPES = YES;
				CLANG_WARN_SUSPICIOUS_MOVE = YES;
				CLANG_WARN_UNGUARDED_AVAILABILITY = YES_AGGRESSIVE;
				CLANG_WARN_UNREACHABLE_CODE = YES;
				CLANG_WARN__DUPLICATE_METHOD_MATCH = YES;
				COPY_PHASE_STRIP = NO;
				DEBUG_INFORMATION_FORMAT = "dwarf-with-dsym";
				ENABLE_NS_ASSERTIONS = NO;
				ENABLE_STRICT_OBJC_MSGSEND = YES;
				GCC_C_LANGUAGE_STANDARD = gnu11;
				GCC_NO_COMMON_BLOCKS = YES;
				GCC_WARN_64_TO_32_BIT_CONVERSION = YES;
				GCC_WARN_ABOUT_RETURN_TYPE = YES_ERROR;
				GCC_WARN_UNDECLARED_SELECTOR = YES;
				GCC_WARN_UNINITIALIZED_AUTOS = YES_AGGRESSIVE;
				GCC_WARN_UNUSED_FUNCTION = YES;
				GCC_WARN_UNUSED_VARIABLE = YES;
				IPHONEOS_DEPLOYMENT_TARGET = 15.0;
				MTL_ENABLE_DEBUG_INFO = NO;
				MTL_FAST_MATH = YES;
				SDKROOT = iphoneos;
				SWIFT_COMPILATION_MODE = wholemodule;
				SWIFT_OPTIMIZATION_LEVEL = "-O";
				VALIDATE_PRODUCT = YES;
			};
			name = Release;
		};
		D141B897273131A8003DF8F2 /* Debug */ = {
			isa = XCBuildConfiguration;
			baseConfigurationReference = BF00461C83B2D2776F230610 /* Pods-Reciplease.debug.xcconfig */;
			buildSettings = {
				ASSETCATALOG_COMPILER_APPICON_NAME = AppIcon;
				ASSETCATALOG_COMPILER_GLOBAL_ACCENT_COLOR_NAME = AccentColor;
				CODE_SIGN_STYLE = Automatic;
				CURRENT_PROJECT_VERSION = 1;
				DEVELOPMENT_TEAM = 4M5FSWV6LJ;
				GENERATE_INFOPLIST_FILE = YES;
				INFOPLIST_FILE = P10_01_Xcode/Info.plist;
				INFOPLIST_KEY_UIApplicationSupportsIndirectInputEvents = YES;
				INFOPLIST_KEY_UILaunchStoryboardName = LaunchScreen;
				INFOPLIST_KEY_UIMainStoryboardFile = Main;
				INFOPLIST_KEY_UISupportedInterfaceOrientations_iPad = "UIInterfaceOrientationPortrait UIInterfaceOrientationPortraitUpsideDown UIInterfaceOrientationLandscapeLeft UIInterfaceOrientationLandscapeRight";
				INFOPLIST_KEY_UISupportedInterfaceOrientations_iPhone = "UIInterfaceOrientationPortrait UIInterfaceOrientationLandscapeLeft UIInterfaceOrientationLandscapeRight";
				LD_RUNPATH_SEARCH_PATHS = (
					"$(inherited)",
					"@executable_path/Frameworks",
				);
				MARKETING_VERSION = 1.0;
				PRODUCT_BUNDLE_IDENTIFIER = "com.fabienstg.P10-01-Xcode";
				PRODUCT_NAME = "$(TARGET_NAME)";
				SWIFT_EMIT_LOC_STRINGS = YES;
				SWIFT_VERSION = 5.0;
				TARGETED_DEVICE_FAMILY = "1,2";
			};
			name = Debug;
		};
		D141B898273131A8003DF8F2 /* Release */ = {
			isa = XCBuildConfiguration;
			baseConfigurationReference = 43D0FDB93A69CE3CD5FC27B9 /* Pods-Reciplease.release.xcconfig */;
			buildSettings = {
				ASSETCATALOG_COMPILER_APPICON_NAME = AppIcon;
				ASSETCATALOG_COMPILER_GLOBAL_ACCENT_COLOR_NAME = AccentColor;
				CODE_SIGN_STYLE = Automatic;
				CURRENT_PROJECT_VERSION = 1;
				DEVELOPMENT_TEAM = 4M5FSWV6LJ;
				GENERATE_INFOPLIST_FILE = YES;
				INFOPLIST_FILE = P10_01_Xcode/Info.plist;
				INFOPLIST_KEY_UIApplicationSupportsIndirectInputEvents = YES;
				INFOPLIST_KEY_UILaunchStoryboardName = LaunchScreen;
				INFOPLIST_KEY_UIMainStoryboardFile = Main;
				INFOPLIST_KEY_UISupportedInterfaceOrientations_iPad = "UIInterfaceOrientationPortrait UIInterfaceOrientationPortraitUpsideDown UIInterfaceOrientationLandscapeLeft UIInterfaceOrientationLandscapeRight";
				INFOPLIST_KEY_UISupportedInterfaceOrientations_iPhone = "UIInterfaceOrientationPortrait UIInterfaceOrientationLandscapeLeft UIInterfaceOrientationLandscapeRight";
				LD_RUNPATH_SEARCH_PATHS = (
					"$(inherited)",
					"@executable_path/Frameworks",
				);
				MARKETING_VERSION = 1.0;
				PRODUCT_BUNDLE_IDENTIFIER = "com.fabienstg.P10-01-Xcode";
				PRODUCT_NAME = "$(TARGET_NAME)";
				SWIFT_EMIT_LOC_STRINGS = YES;
				SWIFT_VERSION = 5.0;
				TARGETED_DEVICE_FAMILY = "1,2";
			};
			name = Release;
		};
		D175C0452753CD000078B7C0 /* Debug */ = {
			isa = XCBuildConfiguration;
			baseConfigurationReference = 6B50FF60440E55D5D387721F /* Pods-RecipleaseTests.debug.xcconfig */;
			buildSettings = {
				BUNDLE_LOADER = "$(TEST_HOST)";
				CODE_SIGN_STYLE = Automatic;
				CURRENT_PROJECT_VERSION = 1;
				DEVELOPMENT_TEAM = 4M5FSWV6LJ;
				GENERATE_INFOPLIST_FILE = YES;
				LD_RUNPATH_SEARCH_PATHS = (
					"$(inherited)",
					"@executable_path/Frameworks",
					"@loader_path/Frameworks",
				);
				MARKETING_VERSION = 1.0;
				PRODUCT_BUNDLE_IDENTIFIER = com.fabienstg.RecipleaseTests;
				PRODUCT_NAME = "$(TARGET_NAME)";
				SWIFT_EMIT_LOC_STRINGS = NO;
				SWIFT_VERSION = 5.0;
				TARGETED_DEVICE_FAMILY = "1,2";
				TEST_HOST = "$(BUILT_PRODUCTS_DIR)/Reciplease.app/Reciplease";
			};
			name = Debug;
		};
		D175C0462753CD000078B7C0 /* Release */ = {
			isa = XCBuildConfiguration;
			baseConfigurationReference = B7EF758821FCD9F9B2B85512 /* Pods-RecipleaseTests.release.xcconfig */;
			buildSettings = {
				BUNDLE_LOADER = "$(TEST_HOST)";
				CODE_SIGN_STYLE = Automatic;
				CURRENT_PROJECT_VERSION = 1;
				DEVELOPMENT_TEAM = 4M5FSWV6LJ;
				GENERATE_INFOPLIST_FILE = YES;
				LD_RUNPATH_SEARCH_PATHS = (
					"$(inherited)",
					"@executable_path/Frameworks",
					"@loader_path/Frameworks",
				);
				MARKETING_VERSION = 1.0;
				PRODUCT_BUNDLE_IDENTIFIER = com.fabienstg.RecipleaseTests;
				PRODUCT_NAME = "$(TARGET_NAME)";
				SWIFT_EMIT_LOC_STRINGS = NO;
				SWIFT_VERSION = 5.0;
				TARGETED_DEVICE_FAMILY = "1,2";
				TEST_HOST = "$(BUILT_PRODUCTS_DIR)/Reciplease.app/Reciplease";
			};
			name = Release;
		};
/* End XCBuildConfiguration section */

/* Begin XCConfigurationList section */
		D141B87D273131A6003DF8F2 /* Build configuration list for PBXProject "Reciplease" */ = {
			isa = XCConfigurationList;
			buildConfigurations = (
				D141B894273131A8003DF8F2 /* Debug */,
				D141B895273131A8003DF8F2 /* Release */,
			);
			defaultConfigurationIsVisible = 0;
			defaultConfigurationName = Release;
		};
		D141B896273131A8003DF8F2 /* Build configuration list for PBXNativeTarget "Reciplease" */ = {
			isa = XCConfigurationList;
			buildConfigurations = (
				D141B897273131A8003DF8F2 /* Debug */,
				D141B898273131A8003DF8F2 /* Release */,
			);
			defaultConfigurationIsVisible = 0;
			defaultConfigurationName = Release;
		};
		D175C0472753CD000078B7C0 /* Build configuration list for PBXNativeTarget "RecipleaseTests" */ = {
			isa = XCConfigurationList;
			buildConfigurations = (
				D175C0452753CD000078B7C0 /* Debug */,
				D175C0462753CD000078B7C0 /* Release */,
			);
			defaultConfigurationIsVisible = 0;
			defaultConfigurationName = Release;
		};
/* End XCConfigurationList section */

/* Begin XCVersionGroup section */
		D177A07027352B2700D7AD28 /* Reciplease.xcdatamodeld */ = {
			isa = XCVersionGroup;
			children = (
				D177A07127352B2800D7AD28 /* Reciplease.xcdatamodel */,
			);
			currentVersion = D177A07127352B2800D7AD28 /* Reciplease.xcdatamodel */;
			path = Reciplease.xcdatamodeld;
			sourceTree = "<group>";
			versionGroupType = wrapper.xcdatamodel;
		};
/* End XCVersionGroup section */
	};
	rootObject = D141B87A273131A6003DF8F2 /* Project object */;
}
